<?xml version="1.0" encoding="utf-8"?>
<Project ToolsVersion="4.0" xmlns="http://schemas.microsoft.com/developer/msbuild/2003">
  <ItemGroup>
    <ClInclude Include="6502.h">
      <Filter>Header Files</Filter>
    </ClInclude>
    <ClInclude Include="6502Doc.h">
      <Filter>Header Files</Filter>
    </ClInclude>
    <ClInclude Include="6502View.h">
      <Filter>Header Files</Filter>
    </ClInclude>
    <ClInclude Include="About.h">
      <Filter>Header Files</Filter>
    </ClInclude>
    <ClInclude Include="Asm.h">
      <Filter>Header Files</Filter>
    </ClInclude>
    <ClInclude Include="AtariBin.h">
      <Filter>Header Files</Filter>
    </ClInclude>
    <ClInclude Include="Broadcast.h">
      <Filter>Header Files</Filter>
    </ClInclude>
    <ClInclude Include="ChildFrm.h">
      <Filter>Header Files</Filter>
    </ClInclude>
    <ClInclude Include="ChildFrmDeAsm.h">
      <Filter>Header Files</Filter>
    </ClInclude>
    <ClInclude Include="Code65p.h">
      <Filter>Header Files</Filter>
    </ClInclude>
    <ClInclude Include="ColorButton.h">
      <Filter>Header Files</Filter>
    </ClInclude>
    <ClInclude Include="ConfigSettings.h">
      <Filter>Header Files</Filter>
    </ClInclude>
    <ClInclude Include="CXMultiDocTemplate.h">
      <Filter>Header Files</Filter>
    </ClInclude>
    <ClInclude Include="Deasm.h">
      <Filter>Header Files</Filter>
    </ClInclude>
    <ClInclude Include="Deasm6502Doc.h">
      <Filter>Header Files</Filter>
    </ClInclude>
    <ClInclude Include="Deasm6502View.h">
      <Filter>Header Files</Filter>
    </ClInclude>
    <ClInclude Include="DeasmGoto.h">
      <Filter>Header Files</Filter>
    </ClInclude>
    <ClInclude Include="DeasmSaveOptions.h">
      <Filter>Header Files</Filter>
    </ClInclude>
    <ClInclude Include="DebugInfo.h">
      <Filter>Header Files</Filter>
    </ClInclude>
    <ClInclude Include="DialAsmStat.h">
      <Filter>Header Files</Filter>
    </ClInclude>
    <ClInclude Include="dialbar.h">
      <Filter>Header Files</Filter>
    </ClInclude>
    <ClInclude Include="dialeditbrkp.h">
      <Filter>Header Files</Filter>
    </ClInclude>
    <ClInclude Include="DockBarEx.h">
      <Filter>Header Files</Filter>
    </ClInclude>
    <ClInclude Include="DrawMarks.h">
      <Filter>Header Files</Filter>
    </ClInclude>
    <ClInclude Include="DynamicHelp.h">
      <Filter>Header Files</Filter>
    </ClInclude>
    <ClInclude Include="EditBrkpDial.h">
      <Filter>Header Files</Filter>
    </ClInclude>
    <ClInclude Include="EditDisplay.h">
      <Filter>Header Files</Filter>
    </ClInclude>
    <ClInclude Include="FlatBar.h">
      <Filter>Header Files</Filter>
    </ClInclude>
    <ClInclude Include="FormatNums.h">
      <Filter>Header Files</Filter>
    </ClInclude>
    <ClInclude Include="Global.h">
      <Filter>Header Files</Filter>
    </ClInclude>
    <ClInclude Include="GotoLineNumber.h">
      <Filter>Header Files</Filter>
    </ClInclude>
    <ClInclude Include="HyperLink.h">
      <Filter>Header Files</Filter>
    </ClInclude>
    <ClInclude Include="Ident.h">
      <Filter>Header Files</Filter>
    </ClInclude>
    <ClInclude Include="identinfo.h">
      <Filter>Header Files</Filter>
    </ClInclude>
    <ClInclude Include="IdentInfoDoc.h">
      <Filter>Header Files</Filter>
    </ClInclude>
    <ClInclude Include="IdentInfoFrame.h">
      <Filter>Header Files</Filter>
    </ClInclude>
    <ClInclude Include="IdentInfoView.h">
      <Filter>Header Files</Filter>
    </ClInclude>
    <ClInclude Include="IntelHex.h">
      <Filter>Header Files</Filter>
    </ClInclude>
    <ClInclude Include="IntGenerator.h">
      <Filter>Header Files</Filter>
    </ClInclude>
    <ClInclude Include="IntRequestGeneratorDlg.h">
      <Filter>Header Files</Filter>
    </ClInclude>
    <ClInclude Include="IOWindow.h">
      <Filter>Header Files</Filter>
    </ClInclude>
    <ClInclude Include="LeftBar.h">
      <Filter>Header Files</Filter>
    </ClInclude>
    <ClInclude Include="LoadCode.h">
      <Filter>Header Files</Filter>
    </ClInclude>
    <ClInclude Include="LoadCodeOptions.h">
      <Filter>Header Files</Filter>
    </ClInclude>
    <ClInclude Include="LogBuffer.h">
      <Filter>Header Files</Filter>
    </ClInclude>
    <ClInclude Include="LogWindow.h">
      <Filter>Header Files</Filter>
    </ClInclude>
    <ClInclude Include="M6502.h">
      <Filter>Header Files</Filter>
    </ClInclude>
    <ClInclude Include="MainFrm.h">
      <Filter>Header Files</Filter>
    </ClInclude>
    <ClInclude Include="MapFile.h">
      <Filter>Header Files</Filter>
    </ClInclude>
    <ClInclude Include="MarkArea.h">
      <Filter>Header Files</Filter>
    </ClInclude>
    <ClInclude Include="MemoryChg.h">
      <Filter>Header Files</Filter>
    </ClInclude>
    <ClInclude Include="MemoryDC.h">
      <Filter>Header Files</Filter>
    </ClInclude>
    <ClInclude Include="MemoryDoc.h">
      <Filter>Header Files</Filter>
    </ClInclude>
    <ClInclude Include="MemoryGoto.h">
      <Filter>Header Files</Filter>
    </ClInclude>
    <ClInclude Include="MemoryInfo.h">
      <Filter>Header Files</Filter>
    </ClInclude>
    <ClInclude Include="MemoryView.h">
      <Filter>Header Files</Filter>
    </ClInclude>
    <ClInclude Include="Messages.h">
      <Filter>Header Files</Filter>
    </ClInclude>
    <ClInclude Include="MotorolaSRecord.h">
      <Filter>Header Files</Filter>
    </ClInclude>
    <ClInclude Include="Options.h">
      <Filter>Header Files</Filter>
    </ClInclude>
    <ClInclude Include="OptionsViewPage.h">
      <Filter>Header Files</Filter>
    </ClInclude>
    <ClInclude Include="OutputMem.h">
      <Filter>Header Files</Filter>
    </ClInclude>
    <ClInclude Include="RegisterBar.h">
      <Filter>Header Files</Filter>
    </ClInclude>
    <ClInclude Include="resource.h">
      <Filter>Header Files</Filter>
    </ClInclude>
    <ClInclude Include="SaveCode.h">
      <Filter>Header Files</Filter>
    </ClInclude>
    <ClInclude Include="SaveCodeBlockOptions.h">
      <Filter>Header Files</Filter>
    </ClInclude>
    <ClInclude Include="SaveCodeOptions.h">
      <Filter>Header Files</Filter>
    </ClInclude>
    <ClInclude Include="Splash.h">
      <Filter>Header Files</Filter>
    </ClInclude>
    <ClInclude Include="StackTemplate.h">
      <Filter>Header Files</Filter>
    </ClInclude>
    <ClInclude Include="StackView.h">
      <Filter>Header Files</Filter>
    </ClInclude>
    <ClInclude Include="StaticLink.h">
      <Filter>Header Files</Filter>
    </ClInclude>
    <ClInclude Include="StdAfx.h">
      <Filter>Header Files</Filter>
    </ClInclude>
    <ClInclude Include="Sym6502.h">
      <Filter>Header Files</Filter>
    </ClInclude>
    <ClInclude Include="SyntaxExample.h">
      <Filter>Header Files</Filter>
    </ClInclude>
    <ClInclude Include="ToolBox.h">
      <Filter>Header Files</Filter>
    </ClInclude>
    <ClInclude Include="ZeroPageView.h">
      <Filter>Header Files</Filter>
    </ClInclude>
    <ClInclude Include="CrystalEdit\CCrystalEditView.h">
      <Filter>Header Files</Filter>
    </ClInclude>
    <ClInclude Include="CrystalEdit\CCrystalTextBuffer.h">
      <Filter>Header Files</Filter>
    </ClInclude>
    <ClInclude Include="CrystalEdit\CCrystalTextView.h">
      <Filter>Header Files</Filter>
    </ClInclude>
    <ClInclude Include="CrystalEdit\cedefs.h">
      <Filter>Header Files</Filter>
    </ClInclude>
    <ClInclude Include="CrystalEdit\CEditReplaceDlg.h">
      <Filter>Header Files</Filter>
    </ClInclude>
    <ClInclude Include="CrystalEdit\CFindTextDlg.h">
      <Filter>Header Files</Filter>
    </ClInclude>
    <ClInclude Include="CrystalEdit\editcmd.h">
      <Filter>Header Files</Filter>
    </ClInclude>
    <ClInclude Include="CrystalEdit\editreg.h">
      <Filter>Header Files</Filter>
    </ClInclude>
  </ItemGroup>
  <ItemGroup>
    <Filter Include="Source Files">
      <UniqueIdentifier>{fb46375a-0f15-478d-9b37-f99262ff3c31}</UniqueIdentifier>
    </Filter>
    <Filter Include="Header Files">
      <UniqueIdentifier>{be353939-ebe4-42e0-97a8-9954055b5f15}</UniqueIdentifier>
    </Filter>
  </ItemGroup>
  <ItemGroup>
    <ClCompile Include="6502.cpp">
      <Filter>Source Files</Filter>
    </ClCompile>
    <ClCompile Include="6502Doc.cpp">
      <Filter>Source Files</Filter>
    </ClCompile>
    <ClCompile Include="6502View.cpp">
      <Filter>Source Files</Filter>
    </ClCompile>
    <ClCompile Include="About.cpp">
      <Filter>Source Files</Filter>
    </ClCompile>
    <ClCompile Include="AllocMem.cpp">
      <Filter>Source Files</Filter>
    </ClCompile>
    <ClCompile Include="Asm.cpp">
      <Filter>Source Files</Filter>
    </ClCompile>
    <ClCompile Include="AtariBin.cpp">
      <Filter>Source Files</Filter>
    </ClCompile>
    <ClCompile Include="Broadcast.cpp">
      <Filter>Source Files</Filter>
    </ClCompile>
    <ClCompile Include="ChildFrm.cpp">
      <Filter>Source Files</Filter>
    </ClCompile>
    <ClCompile Include="ChildFrmDeAsm.cpp">
      <Filter>Source Files</Filter>
    </ClCompile>
    <ClCompile Include="Code65p.cpp">
      <Filter>Source Files</Filter>
    </ClCompile>
    <ClCompile Include="ColorButton.cpp">
      <Filter>Source Files</Filter>
    </ClCompile>
    <ClCompile Include="ConfigSettings.cpp">
      <Filter>Source Files</Filter>
    </ClCompile>
    <ClCompile Include="CXMultiDocTemplate.cpp">
      <Filter>Source Files</Filter>
    </ClCompile>
    <ClCompile Include="Deasm.cpp">
      <Filter>Source Files</Filter>
    </ClCompile>
    <ClCompile Include="Deasm6502Doc.cpp">
      <Filter>Source Files</Filter>
    </ClCompile>
    <ClCompile Include="Deasm6502View.cpp">
      <Filter>Source Files</Filter>
    </ClCompile>
    <ClCompile Include="DeasmGoto.cpp">
      <Filter>Source Files</Filter>
    </ClCompile>
    <ClCompile Include="DeasmSaveOptions.cpp">
      <Filter>Source Files</Filter>
    </ClCompile>
    <ClCompile Include="DebugInfo.cpp">
      <Filter>Source Files</Filter>
    </ClCompile>
    <ClCompile Include="DialAsmStat.cpp">
      <Filter>Source Files</Filter>
    </ClCompile>
    <ClCompile Include="DialBar.cpp">
      <Filter>Source Files</Filter>
    </ClCompile>
    <ClCompile Include="dialeditbrkp.cpp">
      <Filter>Source Files</Filter>
    </ClCompile>
    <ClCompile Include="DockBarEx.cpp">
      <Filter>Source Files</Filter>
    </ClCompile>
    <ClCompile Include="DrawMarks.cpp">
      <Filter>Source Files</Filter>
    </ClCompile>
    <ClCompile Include="DynamicHelp.cpp">
      <Filter>Source Files</Filter>
    </ClCompile>
    <ClCompile Include="EditBrkpDial.cpp">
      <Filter>Source Files</Filter>
    </ClCompile>
    <ClCompile Include="EditDisplay.cpp">
      <Filter>Source Files</Filter>
    </ClCompile>
    <ClCompile Include="FlatBar.cpp">
      <Filter>Source Files</Filter>
    </ClCompile>
    <ClCompile Include="FormatNums.cpp">
      <Filter>Source Files</Filter>
    </ClCompile>
    <ClCompile Include="Global.cpp">
      <Filter>Source Files</Filter>
    </ClCompile>
    <ClCompile Include="GotoLineNumber.cpp">
      <Filter>Source Files</Filter>
    </ClCompile>
    <ClCompile Include="HyperLink.cpp">
      <Filter>Source Files</Filter>
    </ClCompile>
    <ClCompile Include="identinfo.cpp">
      <Filter>Source Files</Filter>
    </ClCompile>
    <ClCompile Include="IdentInfoDoc.cpp">
      <Filter>Source Files</Filter>
    </ClCompile>
    <ClCompile Include="IdentInfoFrame.cpp">
      <Filter>Source Files</Filter>
    </ClCompile>
    <ClCompile Include="IdentInfoView.cpp">
      <Filter>Source Files</Filter>
    </ClCompile>
    <ClCompile Include="InputWnd.cpp">
      <Filter>Source Files</Filter>
    </ClCompile>
    <ClCompile Include="IntelHex.cpp">
      <Filter>Source Files</Filter>
    </ClCompile>
    <ClCompile Include="IntGenerator.cpp">
      <Filter>Source Files</Filter>
    </ClCompile>
    <ClCompile Include="IntRequestGeneratorDlg.cpp">
      <Filter>Source Files</Filter>
    </ClCompile>
    <ClCompile Include="IOWindow.cpp">
      <Filter>Source Files</Filter>
    </ClCompile>
    <ClCompile Include="LeftBar.cpp">
      <Filter>Source Files</Filter>
    </ClCompile>
    <ClCompile Include="LoadCode.cpp">
      <Filter>Source Files</Filter>
    </ClCompile>
    <ClCompile Include="LoadCodeOptions.cpp">
      <Filter>Source Files</Filter>
    </ClCompile>
    <ClCompile Include="LogBuffer.cpp">
      <Filter>Source Files</Filter>
    </ClCompile>
    <ClCompile Include="LogWindow.cpp">
      <Filter>Source Files</Filter>
    </ClCompile>
    <ClCompile Include="M6502.cpp">
      <Filter>Source Files</Filter>
    </ClCompile>
    <ClCompile Include="MainFrm.cpp">
      <Filter>Source Files</Filter>
    </ClCompile>
    <ClCompile Include="MapFile.cpp">
      <Filter>Source Files</Filter>
    </ClCompile>
    <ClCompile Include="MarkArea.cpp">
      <Filter>Source Files</Filter>
    </ClCompile>
    <ClCompile Include="MemoryChg.cpp">
      <Filter>Source Files</Filter>
    </ClCompile>
    <ClCompile Include="MemoryDC.cpp">
      <Filter>Source Files</Filter>
    </ClCompile>
    <ClCompile Include="MemoryDoc.cpp">
      <Filter>Source Files</Filter>
    </ClCompile>
    <ClCompile Include="MemoryGoto.cpp">
      <Filter>Source Files</Filter>
    </ClCompile>
    <ClCompile Include="MemoryInfo.cpp">
      <Filter>Source Files</Filter>
    </ClCompile>
    <ClCompile Include="MemoryView.cpp">
      <Filter>Source Files</Filter>
    </ClCompile>
    <ClCompile Include="MotorolaSRecord.cpp">
      <Filter>Source Files</Filter>
    </ClCompile>
    <ClCompile Include="Options.cpp">
      <Filter>Source Files</Filter>
    </ClCompile>
    <ClCompile Include="OptionsViewPage.cpp">
      <Filter>Source Files</Filter>
    </ClCompile>
    <ClCompile Include="RegisterBar.cpp">
      <Filter>Source Files</Filter>
    </ClCompile>
    <ClCompile Include="SaveCode.cpp">
      <Filter>Source Files</Filter>
    </ClCompile>
    <ClCompile Include="SaveCodeBlockOptions.cpp">
      <Filter>Source Files</Filter>
    </ClCompile>
    <ClCompile Include="SaveCodeOptions.cpp">
      <Filter>Source Files</Filter>
    </ClCompile>
    <ClCompile Include="Splash.cpp">
      <Filter>Source Files</Filter>
    </ClCompile>
    <ClCompile Include="StackView.cpp">
      <Filter>Source Files</Filter>
    </ClCompile>
    <ClCompile Include="StaticLink.cpp">
      <Filter>Source Files</Filter>
    </ClCompile>
    <ClCompile Include="StdAfx.cpp">
      <Filter>Source Files</Filter>
    </ClCompile>
    <ClCompile Include="Sym6502.cpp">
      <Filter>Source Files</Filter>
    </ClCompile>
    <ClCompile Include="SyntaxExample.cpp">
      <Filter>Source Files</Filter>
    </ClCompile>
    <ClCompile Include="ToolBox.cpp">
      <Filter>Source Files</Filter>
    </ClCompile>
    <ClCompile Include="ZeroPageView.cpp">
      <Filter>Source Files</Filter>
    </ClCompile>
    <ClCompile Include="CrystalEdit\CCrystalEditView.cpp">
      <Filter>Source Files</Filter>
    </ClCompile>
    <ClCompile Include="CrystalEdit\CCrystalTextBuffer.cpp">
      <Filter>Source Files</Filter>
    </ClCompile>
    <ClCompile Include="CrystalEdit\CCrystalTextBuffer1.cpp">
      <Filter>Source Files</Filter>
    </ClCompile>
    <ClCompile Include="CrystalEdit\CCrystalTextView.cpp">
      <Filter>Source Files</Filter>
    </ClCompile>
    <ClCompile Include="CrystalEdit\CCrystalTextView1.cpp">
      <Filter>Source Files</Filter>
    </ClCompile>
    <ClCompile Include="CrystalEdit\CEditReplaceDlg.cpp">
      <Filter>Source Files</Filter>
    </ClCompile>
    <ClCompile Include="CrystalEdit\CFindTextDlg.cpp">
      <Filter>Source Files</Filter>
    </ClCompile>
    <ClCompile Include="CrystalEdit\Parse6502.cpp">
      <Filter>Source Files</Filter>
    </ClCompile>
  </ItemGroup>
</Project>